{
  "R": {
    "Version": "4.2.1",
    "Repositories": [
      {
        "Name": "RLIB",
        "URL": "https://r-lib.r-universe.dev"
      },
      {
        "Name": "CRAN",
        "URL": "https://cran.rstudio.com"
      }
    ]
  },
  "Packages": {
    "Biobase": {
      "Package": "Biobase",
      "Version": "2.58.0",
      "Source": "Bioconductor",
      "git_url": "https://git.bioconductor.org/packages/Biobase",
      "git_branch": "RELEASE_3_16",
      "git_last_commit": "767f2f3",
      "git_last_commit_date": "2022-11-01",
      "Hash": "96e8b620897cc9a03deff4097fa8b265",
      "Requirements": [
        "BiocGenerics"
      ]
    },
    "BiocGenerics": {
      "Package": "BiocGenerics",
      "Version": "0.44.0",
      "Source": "Bioconductor",
      "git_url": "https://git.bioconductor.org/packages/BiocGenerics",
      "git_branch": "RELEASE_3_16",
      "git_last_commit": "d7cd9c1",
      "git_last_commit_date": "2022-11-01",
      "Hash": "0de19224c2cd94f48fbc0d0bc663ce3b",
      "Requirements": []
    },
    "BiocManager": {
      "Package": "BiocManager",
      "Version": "1.30.20",
      "Source": "Repository",
      "Repository": "CRAN",
      "Hash": "a7fca16a50b6ef7771b49d636dd54b57",
      "Requirements": []
    },
    "R6": {
      "Package": "R6",
      "Version": "2.5.1.9000",
      "Source": "Repository",
      "Repository": "https://r-lib.r-universe.dev",
      "RemoteUrl": "https://github.com/r-lib/r6",
      "RemoteRef": "HEAD",
      "RemoteSha": "e6b5eaf6e461711af75875510d4a3fcbc31da9a0",
      "Hash": "40cf0e5bdee5f5c3658fa480be48e5c2",
      "Requirements": []
    },
    "cli": {
      "Package": "cli",
      "Version": "3.6.0",
      "Source": "Repository",
      "Repository": "CRAN",
      "RemoteType": "standard",
      "RemotePkgRef": "cli",
      "RemoteRef": "cli",
      "RemoteRepos": "https://cran.rstudio.com",
      "RemotePkgPlatform": "aarch64-apple-darwin20",
      "RemoteSha": "3.6.0",
      "Hash": "3177a5a16c243adc199ba33117bd9657",
      "Requirements": []
    },
    "desc": {
      "Package": "desc",
      "Version": "1.4.2.9000",
      "Source": "Repository",
      "Repository": "https://r-lib.r-universe.dev",
      "RemoteUrl": "https://github.com/r-lib/desc",
      "RemoteRef": "HEAD",
      "RemoteSha": "c8463062edf4dc5501c66d4e8f6019743fae3fa3",
      "Hash": "26d4ff1cedfe0137638844bfbb94decc",
      "Requirements": [
        "R6",
        "cli",
        "rprojroot"
      ]
    },
    "renv": {
      "Package": "renv",
      "Version": "0.16.0",
      "Source": "Repository",
      "Repository": "CRAN",
      "RemoteType": "standard",
      "RemotePkgRef": "renv",
      "RemoteRef": "renv",
      "RemoteRepos": "https://cran.rstudio.com",
      "RemotePkgPlatform": "aarch64-apple-darwin20",
      "RemoteSha": "0.16.0",
      "Hash": "c9e8442ab69bc21c9697ecf856c1e6c7",
      "Requirements": []
    },
    "rprojroot": {
      "Package": "rprojroot",
      "Version": "2.0.3.9003",
      "Source": "Repository",
      "Repository": "https://r-lib.r-universe.dev",
      "RemoteUrl": "https://github.com/r-lib/rprojroot",
      "RemoteRef": "HEAD",
      "RemoteSha": "49a1a644246abcdcbe11a9396b1bb147d0919853",
      "Hash": "ce81ccacd11dbb367cbbb8bdae29acf5",
      "Requirements": []
    },
    "withr": {
      "Package": "withr",
      "Version": "2.5.0.9000",
      "Source": "GitHub",
      "RemoteType": "github",
      "RemoteHost": "api.github.com",
      "RemoteUsername": "r-lib",
      "RemoteRepo": "withr",
      "RemoteRef": "main",
      "RemoteSha": "3b01a2bef7b17bf2f82d94be58a2d4287827fa21",
      "Hash": "a5b00ca54909a1dd45d6f6f148887c64",
      "Requirements": []
    }
  }
}
