PackratFormat: 1.4
PackratVersion: 0.8.1
RVersion: 4.2.1
Repos: CRAN=https://cran.rstudio.com

Package: MASS
Source: CRAN
Version: 7.3-58.2
Hash: 89f815a43b39a7443c3c84d0c6778f2a

Package: Matrix
Source: CRAN
Version: 1.5-3
Hash: c3b304fb2082ce1179078813c107b165
Requires: lattice

Package: R6
Source: CRAN
Version: 2.5.1
Hash: 54378e523d0281f8d38c379484a3b7b5

Package: RCurl
Source: CRAN
Version: 1.98-1.9
Hash: b60faf843e910ae9a14b5176a9f6e077
Requires: bitops

Package: Rcpp
Source: CRAN
Version: 1.0.10
Hash: b1bf2b6c6e3387d7f30b7f601eea81cd

Package: RcppTOML
Source: CRAN
Version: 0.1.7
Hash: 706c191e5f7cd8dd31753d0c1967c8cc
Requires: Rcpp

Package: askpass
Source: CRAN
Version: 1.1
Hash: 6f6c430e3cd0dd7d48f447700f4d7e7f
Requires: sys

Package: base64enc
Source: CRAN
Version: 0.1-3
Hash: c590d29e555926af053055e23ee79efb

Package: bitops
Source: CRAN
Version: 1.0-7
Hash: a1c58663065ce2dec2fb066c699e2e11

Package: brio
Source: CRAN
Version: 1.1.3
Hash: 161bbc04576cd2712c0150d69f757afe

Package: bslib
Source: CRAN
Version: 0.4.2
Hash: fceaafdd4beb271bc47536f389e60e87
Requires: base64enc, cachem, htmltools, jquerylib, jsonlite, memoise,
    mime, rlang, sass

Package: cachem
Source: CRAN
Version: 1.0.6
Hash: e1d5d860b02caa2f56f038b3b8259160
Requires: fastmap, rlang

Package: callr
Source: CRAN
Version: 3.7.3
Hash: 23e7c3c608e2ffd6416e9b3b3930e5dc
Requires: R6, processx

Package: cli
Source: CRAN
Version: 3.6.0
Hash: a16c815ac4140fa80de59d2d62e651ee

Package: commonmark
Source: CRAN
Version: 1.8.1
Hash: c59da55cb7c5ea6187c51cd1e7808150

Package: crayon
Source: CRAN
Version: 1.5.2
Hash: 7904f3b18063550691940a88a588807e

Package: curl
Source: CRAN
Version: 5.0.0
Hash: b24b4649334d4dae257595125a21ecdc

Package: desc
Source: CRAN
Version: 1.4.2
Hash: 35b3c07d01624778191b58f107ae2e5c
Requires: R6, cli, rprojroot

Package: diffobj
Source: CRAN
Version: 0.3.5
Hash: 578796bf3d5e5bcbc07e9886a1d6a4d2
Requires: crayon

Package: digest
Source: CRAN
Version: 0.6.31
Hash: b1f88a7c77564970ba4246230894a20b

Package: ellipsis
Source: CRAN
Version: 0.3.2
Hash: b21bfc48556c0c6a93fc9ede6c00cfaf
Requires: rlang

Package: evaluate
Source: CRAN
Version: 0.20
Hash: 3d03ef3fc111e7d4ba2d5a8a1fcd2eeb

Package: fansi
Source: CRAN
Version: 1.0.4
Hash: dc2fc5772a6572803af7be5fd52e884a

Package: fastmap
Source: CRAN
Version: 1.1.0
Hash: e4d212b14d40b91c791c0b9d3b6ffd99

Package: fontawesome
Source: CRAN
Version: 0.4.0
Hash: 745b40958d54067deec0a56c4a74c841
Requires: htmltools, rlang

Package: fs
Source: CRAN
Version: 1.6.1
Hash: 4fde94a68733d5905f8a02779485a13c

Package: glue
Source: CRAN
Version: 1.6.2
Hash: 830d10f9f46e05aadfe458d2d31849e7

Package: here
Source: CRAN
Version: 1.0.1
Hash: 606352b60a7cb2da5bcd4ed1c8753a81
Requires: rprojroot

Package: highr
Source: CRAN
Version: 0.10
Hash: 9626903e1534b1b96636b0687f0af8e3
Requires: xfun

Package: htmltools
Source: CRAN
Version: 0.5.4
Hash: c517af43ad5d572ae0490e1abf98759c
Requires: base64enc, fastmap, rlang, digest, ellipsis

Package: httpuv
Source: CRAN
Version: 1.6.6
Hash: 3d7980a6a18281dd48e2edff3cc1534a
Requires: R6, Rcpp, later, promises

Package: jquerylib
Source: CRAN
Version: 0.1.4
Hash: 338eb4374296b76bdee1e463c810113d
Requires: htmltools

Package: jsonlite
Source: CRAN
Version: 1.8.4
Hash: c29106be1bd5c4a9dbe3b00858e0d054

Package: knitr
Source: CRAN
Version: 1.42
Hash: f84ed2084f3a66bef14bc14c7ca46336
Requires: evaluate, highr, xfun, yaml

Package: later
Source: CRAN
Version: 1.3.0
Hash: 66092e06f6cb75a6500544fe2802e5be
Requires: Rcpp, rlang

Package: lattice
Source: CRAN
Version: 0.20-45
Hash: 1b774d23a2b1b4a2f756ba52529f8c14

Package: lifecycle
Source: github
Version: 1.0.3.9000
Hash: 49d146d690bcc715c142b06e7e16757a
Requires: cli, glue, rlang
GithubRepo: lifecycle
GithubUsername: r-lib
GithubRef: HEAD
GithubSha1: 80a1e521f995671d062a338856110198b3cdd5e3
RemoteHost: api.github.com
RemoteRepo: lifecycle
RemoteUsername: r-lib
RemoteRef: HEAD
RemoteSha: 80a1e521f995671d062a338856110198b3cdd5e3

Package: magrittr
Source: CRAN
Version: 2.0.3
Hash: b323532bfd2fe948d0eb19afa866cb12

Package: memoise
Source: CRAN
Version: 2.0.1
Hash: fa0687ee20196d8aa4e2d724cb0f7199
Requires: cachem, rlang

Package: mime
Source: CRAN
Version: 0.12
Hash: 98a37137be334916af8af26354bb37e9

Package: mockr
Source: CRAN
Version: 0.2.1
Hash: ca6646de28ab04a12788e13174c95ff0
Requires: rlang, withr

Package: openssl
Source: CRAN
Version: 2.0.5
Hash: d161b1da1ec8b54285aaf071849ed128
Requires: askpass

Package: packrat
Source: CRAN
Version: 0.8.1
Hash: 502257b0c1ef1db0274ea5ecdec3c9ab

Package: pillar
Source: CRAN
Version: 1.8.1
Hash: 8c6910fedb8ed7cd880db123e6acf066
Requires: cli, fansi, glue, lifecycle, rlang, utf8, vctrs

Package: pkgconfig
Source: CRAN
Version: 2.0.3
Hash: 5ff5f2361851a49534c96caa2a8071c7

Package: pkgload
Source: CRAN
Version: 1.3.2
Hash: 035338d71aa25cbc5c9f09ba4e56117f
Requires: cli, crayon, desc, fs, glue, rlang, rprojroot, withr

Package: plumber
Source: CRAN
Version: 1.2.1
Requires: R6, crayon, ellipsis, httpuv, jsonlite, lifecycle, magrittr,
    mime, promises, rlang, sodium, stringi, swagger, webutils

Package: png
Source: CRAN
Version: 0.1-8
Hash: 28683833f8fb1df2d15a729e416ab346

Package: praise
Source: CRAN
Version: 1.0.0
Hash: 77da8f1df873a4b91e5c4a68fe2fb1b6

Package: processx
Source: CRAN
Version: 3.8.0
Hash: 2edd414bfa168ff20bf5eba2836e6278
Requires: R6, ps

Package: promises
Source: CRAN
Version: 1.2.0.1
Hash: 772bf3af6c490dd8b99fe84b070de62a
Requires: R6, Rcpp, later, rlang, magrittr

Package: ps
Source: CRAN
Version: 1.7.2
Hash: 8ddf4411871fcc8ace7c1c8a8427009c

Package: rappdirs
Source: CRAN
Version: 0.3.3
Hash: fd602edfd7dbf365642e35dd9cc97958

Package: rematch2
Source: CRAN
Version: 2.1.2
Hash: b6823f74d6525d39d153620d21e206df
Requires: tibble

Package: reticulate
Source: CRAN
Version: 1.26
Hash: 7a9c35c9a33ed7869e157c3cba182c6a
Requires: Matrix, Rcpp, RcppTOML, here, jsonlite, png, rappdirs, withr

Package: rlang
Source: CustomCRANLikeRepository
Version: 1.0.6.9000
Hash: 34c195fd2efee432cc495e24e7ab9116

Package: rmarkdown
Source: CRAN
Version: 2.20
Hash: e64243c3c94b8ed06468bd5feb83bf0f
Requires: bslib, evaluate, htmltools, jquerylib, jsonlite, knitr, xfun,
    yaml, stringr, tinytex

Package: rprojroot
Source: CRAN
Version: 2.0.3
Hash: 8acc72d6d4f64fe01e2af6f7ee383e6e

Package: rstudioapi
Source: CRAN
Version: 0.14
Hash: a4049937fbdde61e65fd0eccdbd182d7

Package: sass
Source: CRAN
Version: 0.4.5
Hash: 144a489ede7f2c264ee3454cd45fdb3a
Requires: R6, htmltools, rlang, fs, rappdirs

Package: shiny
Source: CRAN
Version: 1.7.3
Hash: 6b135d31851eee4aaa6208be159a37c3
Requires: R6, bslib, cachem, commonmark, crayon, ellipsis, fastmap,
    fontawesome, glue, htmltools, httpuv, jsonlite, later, lifecycle,
    mime, promises, rlang, withr, sourcetools, xtable

Package: sodium
Source: CRAN
Version: 1.2.1
Hash: 3242417fb120e78474f2601a37c62e26

Package: sourcetools
Source: CRAN
Version: 0.1.7
Hash: d093478ac90064e670cd4bf1a99b47b6

Package: stringi
Source: CRAN
Version: 1.7.12
Hash: bb5fb5d604d737e9aef19b49afd2d415

Package: stringr
Source: CRAN
Version: 1.5.0
Hash: c88aa5331cbdf85895169bfb0c6bd15d
Requires: cli, glue, lifecycle, magrittr, rlang, vctrs, stringi

Package: swagger
Source: CRAN
Version: 3.33.1

Package: sys
Source: CRAN
Version: 3.4.1
Hash: 21b50a2d1de81aef7cff670d63572dc7

Package: testthat
Source: github
Version: 3.1.6.9000
Hash: 3c0fee43e5ba0e19bf00dcd9b04976e8
Requires: R6, brio, callr, cli, desc, digest, ellipsis, evaluate,
    jsonlite, lifecycle, magrittr, pkgload, praise, processx, ps,
    rlang, withr, waldo
GithubRepo: testthat
GithubUsername: r-lib
GithubRef: HEAD
GithubSha1: 9cd6e01be008376b1f7f2d8d528d725b87c0d01e
RemoteHost: api.github.com
RemoteRepo: testthat
RemoteUsername: r-lib
RemoteRef: HEAD
RemoteSha: 9cd6e01be008376b1f7f2d8d528d725b87c0d01e

Package: tibble
Source: CRAN
Version: 3.1.8
Hash: 09424424f61003d93b7554d8575949cb
Requires: fansi, lifecycle, magrittr, pillar, pkgconfig, rlang, vctrs

Package: tinytex
Source: CRAN
Version: 0.44
Hash: 4ad5054a3af86cb4d6a97b155e5a0520
Requires: xfun

Package: utf8
Source: CRAN
Version: 1.2.3
Hash: 72ed9385400277aec860bbc0c09f4aeb

Package: vctrs
Source: CRAN
Version: 0.5.2
Hash: f70988c8ec13a9ff5e1d1de0573fbf24
Requires: cli, glue, lifecycle, rlang

Package: waldo
Source: CRAN
Version: 0.4.0
Hash: 8b9bbe53901d332cd7464cdaaa45525b
Requires: cli, diffobj, fansi, glue, rematch2, rlang, tibble

Package: webutils
Source: CRAN
Version: 1.1
Requires: curl, jsonlite

Package: withr
Source: CRAN
Version: 2.5.0
Hash: 29582655324ddde71118021f0b1b93aa

Package: xfun
Source: CRAN
Version: 0.37
Hash: d8f7b51d1c93d38126c749c627cadc25

Package: xtable
Source: CRAN
Version: 1.8-4
Hash: dc0d47261b678d26032363bebd050540

Package: yaml
Source: CRAN
Version: 2.3.7
Hash: 4a69e3579f4c55aa6bd6d6ce43d70cc0
